
Microsoft Visual Studio Solution File, Format Version 12.00
# Visual Studio Version 16
VisualStudioVersion = 16.0.34601.136
MinimumVisualStudioVersion = 10.0.40219.1
Project("{FAE04EC0-301F-11D3-BF4B-00C04F79EFBC}") = "Project-Test", "Project-Test\Project-Test.csproj", "{A48ACD68-E365-494D-A8A3-E5E0E86E74DA}"
EndProject
Global
	GlobalSection(SolutionConfigurationPlatforms) = preSolution
		Debug|Any CPU = Debug|Any CPU
		Release|Any CPU = Release|Any CPU
	EndGlobalSection
	GlobalSection(ProjectConfigurationPlatforms) = postSolution
		{A48ACD68-E365-494D-A8A3-E5E0E86E74DA}.Debug|Any CPU.ActiveCfg = Debug|Any CPU
		{A48ACD68-E365-494D-A8A3-E5E0E86E74DA}.Debug|Any CPU.Build.0 = Debug|Any CPU
		{A48ACD68-E365-494D-A8A3-E5E0E86E74DA}.Release|Any CPU.ActiveCfg = Release|Any CPU
		{A48ACD68-E365-494D-A8A3-E5E0E86E74DA}.Release|Any CPU.Build.0 = Release|Any CPU
	EndGlobalSection
	GlobalSection(SolutionProperties) = preSolution
		HideSolutionNode = FALSE
	EndGlobalSection
	GlobalSection(ExtensibilityGlobals) = postSolution
		SolutionGuid = {069A9B6E-42E0-480F-A104-E15666AFB81A}
	EndGlobalSection
EndGlobal
